
Microsoft Visual Studio Solution File, Format Version 12.00
# Visual Studio Version 17
VisualStudioVersion = 17.0.31903.59
MinimumVisualStudioVersion = 10.0.40219.1
Project("{FAE04EC0-301F-11D3-BF4B-00C04F79EFBC}") = "StoreApp", "StoreApp\StoreApp.csproj", "{C0661290-1A6A-4137-AC5A-27F9DE92877F}"
EndProject
Project("{FAE04EC0-301F-11D3-BF4B-00C04F79EFBC}") = "Test", "Test\Test.csproj", "{977644CD-E7A1-4F1B-B0FB-09123305981C}"
EndProject
Global
	GlobalSection(SolutionConfigurationPlatforms) = preSolution
		Debug|Any CPU = Debug|Any CPU
		Release|Any CPU = Release|Any CPU
	EndGlobalSection
	GlobalSection(SolutionProperties) = preSolution
		HideSolutionNode = FALSE
	EndGlobalSection
	GlobalSection(ProjectConfigurationPlatforms) = postSolution
		{C0661290-1A6A-4137-AC5A-27F9DE92877F}.Debug|Any CPU.ActiveCfg = Debug|Any CPU
		{C0661290-1A6A-4137-AC5A-27F9DE92877F}.Debug|Any CPU.Build.0 = Debug|Any CPU
		{C0661290-1A6A-4137-AC5A-27F9DE92877F}.Release|Any CPU.ActiveCfg = Release|Any CPU
		{C0661290-1A6A-4137-AC5A-27F9DE92877F}.Release|Any CPU.Build.0 = Release|Any CPU
		{977644CD-E7A1-4F1B-B0FB-09123305981C}.Debug|Any CPU.ActiveCfg = Debug|Any CPU
		{977644CD-E7A1-4F1B-B0FB-09123305981C}.Debug|Any CPU.Build.0 = Debug|Any CPU
		{977644CD-E7A1-4F1B-B0FB-09123305981C}.Release|Any CPU.ActiveCfg = Release|Any CPU
		{977644CD-E7A1-4F1B-B0FB-09123305981C}.Release|Any CPU.Build.0 = Release|Any CPU
	EndGlobalSection
EndGlobal
